// !$*UTF8*$!
{
	archiveVersion = 1;
	classes = {
	};
	objectVersion = 55;
	objects = {

/* Begin PBXBuildFile section */
		54BD635327DA7867007ED40C /* AppDelegate.swift in Sources */ = {isa = PBXBuildFile; fileRef = 54BD635227DA7867007ED40C /* AppDelegate.swift */; };
		54BD635527DA7867007ED40C /* SceneDelegate.swift in Sources */ = {isa = PBXBuildFile; fileRef = 54BD635427DA7867007ED40C /* SceneDelegate.swift */; };
		54BD635727DA7867007ED40C /* ViewController.swift in Sources */ = {isa = PBXBuildFile; fileRef = 54BD635627DA7867007ED40C /* ViewController.swift */; };
		54BD635A27DA7867007ED40C /* Main.storyboard in Resources */ = {isa = PBXBuildFile; fileRef = 54BD635827DA7867007ED40C /* Main.storyboard */; };
		54BD635C27DA7869007ED40C /* Assets.xcassets in Resources */ = {isa = PBXBuildFile; fileRef = 54BD635B27DA7869007ED40C /* Assets.xcassets */; };
		54BD635F27DA7869007ED40C /* LaunchScreen.storyboard in Resources */ = {isa = PBXBuildFile; fileRef = 54BD635D27DA7869007ED40C /* LaunchScreen.storyboard */; };
		54BD636A27DA7869007ED40C /* HiFlightTests.swift in Sources */ = {isa = PBXBuildFile; fileRef = 54BD636927DA7869007ED40C /* HiFlightTests.swift */; };
		54BD637427DA7869007ED40C /* HiFlightUITests.swift in Sources */ = {isa = PBXBuildFile; fileRef = 54BD637327DA7869007ED40C /* HiFlightUITests.swift */; };
		54BD637627DA7869007ED40C /* HiFlightUITestsLaunchTests.swift in Sources */ = {isa = PBXBuildFile; fileRef = 54BD637527DA7869007ED40C /* HiFlightUITestsLaunchTests.swift */; };
		5F9A55B149D0EFCF6593E752 /* Pods_HiFlight.framework in Frameworks */ = {isa = PBXBuildFile; fileRef = 12FCE29451293AEAB5AA8CD3 /* Pods_HiFlight.framework */; };
		7BE564B1D81C9734A83CFB84 /* Pods_HiFlight_HiFlightUITests.framework in Frameworks */ = {isa = PBXBuildFile; fileRef = FDBBF50D17AFE645140C3B46 /* Pods_HiFlight_HiFlightUITests.framework */; };
		B8AC6F8C0808F968C7DB794C /* Pods_HiFlightTests.framework in Frameworks */ = {isa = PBXBuildFile; fileRef = 1DFD7FA0FF8EEFBF640DF117 /* Pods_HiFlightTests.framework */; };
/* End PBXBuildFile section */

/* Begin PBXContainerItemProxy section */
		54BD636627DA7869007ED40C /* PBXContainerItemProxy */ = {
			isa = PBXContainerItemProxy;
			containerPortal = 54BD634727DA7866007ED40C /* Project object */;
			proxyType = 1;
			remoteGlobalIDString = 54BD634E27DA7867007ED40C;
			remoteInfo = HiFlight;
		};
		54BD637027DA7869007ED40C /* PBXContainerItemProxy */ = {
			isa = PBXContainerItemProxy;
			containerPortal = 54BD634727DA7866007ED40C /* Project object */;
			proxyType = 1;
			remoteGlobalIDString = 54BD634E27DA7867007ED40C;
			remoteInfo = HiFlight;
		};
/* End PBXContainerItemProxy section */

/* Begin PBXFileReference section */
		12FCE29451293AEAB5AA8CD3 /* Pods_HiFlight.framework */ = {isa = PBXFileReference; explicitFileType = wrapper.framework; includeInIndex = 0; path = Pods_HiFlight.framework; sourceTree = BUILT_PRODUCTS_DIR; };
		1CEBB88FDA7A2F83EB24E3A1 /* Pods-HiFlightTests.debug.xcconfig */ = {isa = PBXFileReference; includeInIndex = 1; lastKnownFileType = text.xcconfig; name = "Pods-HiFlightTests.debug.xcconfig"; path = "Target Support Files/Pods-HiFlightTests/Pods-HiFlightTests.debug.xcconfig"; sourceTree = "<group>"; };
		1DFD7FA0FF8EEFBF640DF117 /* Pods_HiFlightTests.framework */ = {isa = PBXFileReference; explicitFileType = wrapper.framework; includeInIndex = 0; path = Pods_HiFlightTests.framework; sourceTree = BUILT_PRODUCTS_DIR; };
		41C85712945AC571A3116C01 /* Pods-HiFlight.debug.xcconfig */ = {isa = PBXFileReference; includeInIndex = 1; lastKnownFileType = text.xcconfig; name = "Pods-HiFlight.debug.xcconfig"; path = "Target Support Files/Pods-HiFlight/Pods-HiFlight.debug.xcconfig"; sourceTree = "<group>"; };
		54BD634F27DA7867007ED40C /* HiFlight.app */ = {isa = PBXFileReference; explicitFileType = wrapper.application; includeInIndex = 0; path = HiFlight.app; sourceTree = BUILT_PRODUCTS_DIR; };
		54BD635227DA7867007ED40C /* AppDelegate.swift */ = {isa = PBXFileReference; lastKnownFileType = sourcecode.swift; path = AppDelegate.swift; sourceTree = "<group>"; };
		54BD635427DA7867007ED40C /* SceneDelegate.swift */ = {isa = PBXFileReference; lastKnownFileType = sourcecode.swift; path = SceneDelegate.swift; sourceTree = "<group>"; };
		54BD635627DA7867007ED40C /* ViewController.swift */ = {isa = PBXFileReference; lastKnownFileType = sourcecode.swift; path = ViewController.swift; sourceTree = "<group>"; };
		54BD635927DA7867007ED40C /* Base */ = {isa = PBXFileReference; lastKnownFileType = file.storyboard; name = Base; path = Base.lproj/Main.storyboard; sourceTree = "<group>"; };
		54BD635B27DA7869007ED40C /* Assets.xcassets */ = {isa = PBXFileReference; lastKnownFileType = folder.assetcatalog; path = Assets.xcassets; sourceTree = "<group>"; };
		54BD635E27DA7869007ED40C /* Base */ = {isa = PBXFileReference; lastKnownFileType = file.storyboard; name = Base; path = Base.lproj/LaunchScreen.storyboard; sourceTree = "<group>"; };
		54BD636027DA7869007ED40C /* Info.plist */ = {isa = PBXFileReference; lastKnownFileType = text.plist.xml; path = Info.plist; sourceTree = "<group>"; };
		54BD636527DA7869007ED40C /* HiFlightTests.xctest */ = {isa = PBXFileReference; explicitFileType = wrapper.cfbundle; includeInIndex = 0; path = HiFlightTests.xctest; sourceTree = BUILT_PRODUCTS_DIR; };
		54BD636927DA7869007ED40C /* HiFlightTests.swift */ = {isa = PBXFileReference; lastKnownFileType = sourcecode.swift; path = HiFlightTests.swift; sourceTree = "<group>"; };
		54BD636F27DA7869007ED40C /* HiFlightUITests.xctest */ = {isa = PBXFileReference; explicitFileType = wrapper.cfbundle; includeInIndex = 0; path = HiFlightUITests.xctest; sourceTree = BUILT_PRODUCTS_DIR; };
		54BD637327DA7869007ED40C /* HiFlightUITests.swift */ = {isa = PBXFileReference; lastKnownFileType = sourcecode.swift; path = HiFlightUITests.swift; sourceTree = "<group>"; };
		54BD637527DA7869007ED40C /* HiFlightUITestsLaunchTests.swift */ = {isa = PBXFileReference; lastKnownFileType = sourcecode.swift; path = HiFlightUITestsLaunchTests.swift; sourceTree = "<group>"; };
		81BF9AA4C4A52C3174742933 /* Pods-HiFlightTests.release.xcconfig */ = {isa = PBXFileReference; includeInIndex = 1; lastKnownFileType = text.xcconfig; name = "Pods-HiFlightTests.release.xcconfig"; path = "Target Support Files/Pods-HiFlightTests/Pods-HiFlightTests.release.xcconfig"; sourceTree = "<group>"; };
		99771D271FD57FB87591D633 /* Pods-HiFlight-HiFlightUITests.release.xcconfig */ = {isa = PBXFileReference; includeInIndex = 1; lastKnownFileType = text.xcconfig; name = "Pods-HiFlight-HiFlightUITests.release.xcconfig"; path = "Target Support Files/Pods-HiFlight-HiFlightUITests/Pods-HiFlight-HiFlightUITests.release.xcconfig"; sourceTree = "<group>"; };
		BBC01BBD267C6B495F6A922E /* Pods-HiFlight.release.xcconfig */ = {isa = PBXFileReference; includeInIndex = 1; lastKnownFileType = text.xcconfig; name = "Pods-HiFlight.release.xcconfig"; path = "Target Support Files/Pods-HiFlight/Pods-HiFlight.release.xcconfig"; sourceTree = "<group>"; };
		E25A14349B6B6D591028BC40 /* Pods-HiFlight-HiFlightUITests.debug.xcconfig */ = {isa = PBXFileReference; includeInIndex = 1; lastKnownFileType = text.xcconfig; name = "Pods-HiFlight-HiFlightUITests.debug.xcconfig"; path = "Target Support Files/Pods-HiFlight-HiFlightUITests/Pods-HiFlight-HiFlightUITests.debug.xcconfig"; sourceTree = "<group>"; };
		FDBBF50D17AFE645140C3B46 /* Pods_HiFlight_HiFlightUITests.framework */ = {isa = PBXFileReference; explicitFileType = wrapper.framework; includeInIndex = 0; path = Pods_HiFlight_HiFlightUITests.framework; sourceTree = BUILT_PRODUCTS_DIR; };
/* End PBXFileReference section */

/* Begin PBXFrameworksBuildPhase section */
		54BD634C27DA7867007ED40C /* Frameworks */ = {
			isa = PBXFrameworksBuildPhase;
			buildActionMask = 2147483647;
			files = (
				5F9A55B149D0EFCF6593E752 /* Pods_HiFlight.framework in Frameworks */,
			);
			runOnlyForDeploymentPostprocessing = 0;
		};
		54BD636227DA7869007ED40C /* Frameworks */ = {
			isa = PBXFrameworksBuildPhase;
			buildActionMask = 2147483647;
			files = (
				B8AC6F8C0808F968C7DB794C /* Pods_HiFlightTests.framework in Frameworks */,
			);
			runOnlyForDeploymentPostprocessing = 0;
		};
		54BD636C27DA7869007ED40C /* Frameworks */ = {
			isa = PBXFrameworksBuildPhase;
			buildActionMask = 2147483647;
			files = (
				7BE564B1D81C9734A83CFB84 /* Pods_HiFlight_HiFlightUITests.framework in Frameworks */,
			);
			runOnlyForDeploymentPostprocessing = 0;
		};
/* End PBXFrameworksBuildPhase section */

/* Begin PBXGroup section */
		54BD634627DA7866007ED40C = {
			isa = PBXGroup;
			children = (
				54BD635127DA7867007ED40C /* HiFlight */,
				54BD636827DA7869007ED40C /* HiFlightTests */,
				54BD637227DA7869007ED40C /* HiFlightUITests */,
				54BD635027DA7867007ED40C /* Products */,
				8F4535B0141A69797E507585 /* Pods */,
				7B2049E165CA1E62915854E4 /* Frameworks */,
			);
			sourceTree = "<group>";
		};
		54BD635027DA7867007ED40C /* Products */ = {
			isa = PBXGroup;
			children = (
				54BD634F27DA7867007ED40C /* HiFlight.app */,
				54BD636527DA7869007ED40C /* HiFlightTests.xctest */,
				54BD636F27DA7869007ED40C /* HiFlightUITests.xctest */,
			);
			name = Products;
			sourceTree = "<group>";
		};
		54BD635127DA7867007ED40C /* HiFlight */ = {
			isa = PBXGroup;
			children = (
				54BD638527DA78DB007ED40C /* View */,
				54BD638327DA78AE007ED40C /* Model */,
				54BD638227DA78A5007ED40C /* ViewModel */,
				54BD635227DA7867007ED40C /* AppDelegate.swift */,
				54BD635427DA7867007ED40C /* SceneDelegate.swift */,
				54BD635627DA7867007ED40C /* ViewController.swift */,
				54BD635827DA7867007ED40C /* Main.storyboard */,
				54BD635B27DA7869007ED40C /* Assets.xcassets */,
				54BD635D27DA7869007ED40C /* LaunchScreen.storyboard */,
				54BD636027DA7869007ED40C /* Info.plist */,
			);
			path = HiFlight;
			sourceTree = "<group>";
		};
		54BD636827DA7869007ED40C /* HiFlightTests */ = {
			isa = PBXGroup;
			children = (
				54BD636927DA7869007ED40C /* HiFlightTests.swift */,
			);
			path = HiFlightTests;
			sourceTree = "<group>";
		};
		54BD637227DA7869007ED40C /* HiFlightUITests */ = {
			isa = PBXGroup;
			children = (
				54BD637327DA7869007ED40C /* HiFlightUITests.swift */,
				54BD637527DA7869007ED40C /* HiFlightUITestsLaunchTests.swift */,
			);
			path = HiFlightUITests;
			sourceTree = "<group>";
		};
		54BD638227DA78A5007ED40C /* ViewModel */ = {
			isa = PBXGroup;
			children = (
				54BD638427DA78B9007ED40C /* Networking */,
			);
			path = ViewModel;
			sourceTree = "<group>";
		};
		54BD638327DA78AE007ED40C /* Model */ = {
			isa = PBXGroup;
			children = (
			);
			path = Model;
			sourceTree = "<group>";
		};
		54BD638427DA78B9007ED40C /* Networking */ = {
			isa = PBXGroup;
			children = (
			);
			path = Networking;
			sourceTree = "<group>";
		};
		54BD638527DA78DB007ED40C /* View */ = {
			isa = PBXGroup;
			children = (
			);
			path = View;
			sourceTree = "<group>";
		};
		7B2049E165CA1E62915854E4 /* Frameworks */ = {
			isa = PBXGroup;
			children = (
				12FCE29451293AEAB5AA8CD3 /* Pods_HiFlight.framework */,
				FDBBF50D17AFE645140C3B46 /* Pods_HiFlight_HiFlightUITests.framework */,
				1DFD7FA0FF8EEFBF640DF117 /* Pods_HiFlightTests.framework */,
			);
			name = Frameworks;
			sourceTree = "<group>";
		};
		8F4535B0141A69797E507585 /* Pods */ = {
			isa = PBXGroup;
			children = (
				41C85712945AC571A3116C01 /* Pods-HiFlight.debug.xcconfig */,
				BBC01BBD267C6B495F6A922E /* Pods-HiFlight.release.xcconfig */,
				E25A14349B6B6D591028BC40 /* Pods-HiFlight-HiFlightUITests.debug.xcconfig */,
				99771D271FD57FB87591D633 /* Pods-HiFlight-HiFlightUITests.release.xcconfig */,
				1CEBB88FDA7A2F83EB24E3A1 /* Pods-HiFlightTests.debug.xcconfig */,
				81BF9AA4C4A52C3174742933 /* Pods-HiFlightTests.release.xcconfig */,
			);
			name = Pods;
			path = Pods;
			sourceTree = "<group>";
		};
/* End PBXGroup section */

/* Begin PBXNativeTarget section */
		54BD634E27DA7867007ED40C /* HiFlight */ = {
			isa = PBXNativeTarget;
			buildConfigurationList = 54BD637927DA7869007ED40C /* Build configuration list for PBXNativeTarget "HiFlight" */;
			buildPhases = (
				BC912D4AEB026A0644DC55E3 /* [CP] Check Pods Manifest.lock */,
				54BD634B27DA7867007ED40C /* Sources */,
				54BD634C27DA7867007ED40C /* Frameworks */,
				54BD634D27DA7867007ED40C /* Resources */,
				CE87165F3FB50B4CFEF32AFC /* [CP] Embed Pods Frameworks */,
			);
			buildRules = (
			);
			dependencies = (
			);
			name = HiFlight;
			productName = HiFlight;
			productReference = 54BD634F27DA7867007ED40C /* HiFlight.app */;
			productType = "com.apple.product-type.application";
		};
		54BD636427DA7869007ED40C /* HiFlightTests */ = {
			isa = PBXNativeTarget;
			buildConfigurationList = 54BD637C27DA7869007ED40C /* Build configuration list for PBXNativeTarget "HiFlightTests" */;
			buildPhases = (
				11CAA934026DEF697A0B122C /* [CP] Check Pods Manifest.lock */,
				54BD636127DA7869007ED40C /* Sources */,
				54BD636227DA7869007ED40C /* Frameworks */,
				54BD636327DA7869007ED40C /* Resources */,
			);
			buildRules = (
			);
			dependencies = (
				54BD636727DA7869007ED40C /* PBXTargetDependency */,
			);
			name = HiFlightTests;
			productName = HiFlightTests;
			productReference = 54BD636527DA7869007ED40C /* HiFlightTests.xctest */;
			productType = "com.apple.product-type.bundle.unit-test";
		};
		54BD636E27DA7869007ED40C /* HiFlightUITests */ = {
			isa = PBXNativeTarget;
			buildConfigurationList = 54BD637F27DA7869007ED40C /* Build configuration list for PBXNativeTarget "HiFlightUITests" */;
			buildPhases = (
				E77358C80D6901C2CA87434B /* [CP] Check Pods Manifest.lock */,
				54BD636B27DA7869007ED40C /* Sources */,
				54BD636C27DA7869007ED40C /* Frameworks */,
				54BD636D27DA7869007ED40C /* Resources */,
				DECE21641DB96CD444A8FFC8 /* [CP] Embed Pods Frameworks */,
			);
			buildRules = (
			);
			dependencies = (
				54BD637127DA7869007ED40C /* PBXTargetDependency */,
			);
			name = HiFlightUITests;
			productName = HiFlightUITests;
			productReference = 54BD636F27DA7869007ED40C /* HiFlightUITests.xctest */;
			productType = "com.apple.product-type.bundle.ui-testing";
		};
/* End PBXNativeTarget section */

/* Begin PBXProject section */
		54BD634727DA7866007ED40C /* Project object */ = {
			isa = PBXProject;
			attributes = {
				BuildIndependentTargetsInParallel = 1;
				LastSwiftUpdateCheck = 1320;
				LastUpgradeCheck = 1320;
				TargetAttributes = {
					54BD634E27DA7867007ED40C = {
						CreatedOnToolsVersion = 13.2.1;
					};
					54BD636427DA7869007ED40C = {
						CreatedOnToolsVersion = 13.2.1;
						TestTargetID = 54BD634E27DA7867007ED40C;
					};
					54BD636E27DA7869007ED40C = {
						CreatedOnToolsVersion = 13.2.1;
						TestTargetID = 54BD634E27DA7867007ED40C;
					};
				};
			};
			buildConfigurationList = 54BD634A27DA7866007ED40C /* Build configuration list for PBXProject "HiFlight" */;
			compatibilityVersion = "Xcode 13.0";
			developmentRegion = en;
			hasScannedForEncodings = 0;
			knownRegions = (
				en,
				Base,
			);
			mainGroup = 54BD634627DA7866007ED40C;
			productRefGroup = 54BD635027DA7867007ED40C /* Products */;
			projectDirPath = "";
			projectRoot = "";
			targets = (
				54BD634E27DA7867007ED40C /* HiFlight */,
				54BD636427DA7869007ED40C /* HiFlightTests */,
				54BD636E27DA7869007ED40C /* HiFlightUITests */,
			);
		};
/* End PBXProject section */

/* Begin PBXResourcesBuildPhase section */
		54BD634D27DA7867007ED40C /* Resources */ = {
			isa = PBXResourcesBuildPhase;
			buildActionMask = 2147483647;
			files = (
				54BD635F27DA7869007ED40C /* LaunchScreen.storyboard in Resources */,
				54BD635C27DA7869007ED40C /* Assets.xcassets in Resources */,
				54BD635A27DA7867007ED40C /* Main.storyboard in Resources */,
			);
			runOnlyForDeploymentPostprocessing = 0;
		};
		54BD636327DA7869007ED40C /* Resources */ = {
			isa = PBXResourcesBuildPhase;
			buildActionMask = 2147483647;
			files = (
			);
			runOnlyForDeploymentPostprocessing = 0;
		};
		54BD636D27DA7869007ED40C /* Resources */ = {
			isa = PBXResourcesBuildPhase;
			buildActionMask = 2147483647;
			files = (
			);
			runOnlyForDeploymentPostprocessing = 0;
		};
/* End PBXResourcesBuildPhase section */

/* Begin PBXShellScriptBuildPhase section */
		11CAA934026DEF697A0B122C /* [CP] Check Pods Manifest.lock */ = {
			isa = PBXShellScriptBuildPhase;
			buildActionMask = 2147483647;
			files = (
			);
			inputFileListPaths = (
			);
			inputPaths = (
				"${PODS_PODFILE_DIR_PATH}/Podfile.lock",
				"${PODS_ROOT}/Manifest.lock",
			);
			name = "[CP] Check Pods Manifest.lock";
			outputFileListPaths = (
			);
			outputPaths = (
				"$(DERIVED_FILE_DIR)/Pods-HiFlightTests-checkManifestLockResult.txt",
			);
			runOnlyForDeploymentPostprocessing = 0;
			shellPath = /bin/sh;
			shellScript = "diff \"${PODS_PODFILE_DIR_PATH}/Podfile.lock\" \"${PODS_ROOT}/Manifest.lock\" > /dev/null\nif [ $? != 0 ] ; then\n    # print error to STDERR\n    echo \"error: The sandbox is not in sync with the Podfile.lock. Run 'pod install' or update your CocoaPods installation.\" >&2\n    exit 1\nfi\n# This output is used by Xcode 'outputs' to avoid re-running this script phase.\necho \"SUCCESS\" > \"${SCRIPT_OUTPUT_FILE_0}\"\n";
			showEnvVarsInLog = 0;
		};
		BC912D4AEB026A0644DC55E3 /* [CP] Check Pods Manifest.lock */ = {
			isa = PBXShellScriptBuildPhase;
			buildActionMask = 2147483647;
			files = (
			);
			inputFileListPaths = (
			);
			inputPaths = (
				"${PODS_PODFILE_DIR_PATH}/Podfile.lock",
				"${PODS_ROOT}/Manifest.lock",
			);
			name = "[CP] Check Pods Manifest.lock";
			outputFileListPaths = (
			);
			outputPaths = (
				"$(DERIVED_FILE_DIR)/Pods-HiFlight-checkManifestLockResult.txt",
			);
			runOnlyForDeploymentPostprocessing = 0;
			shellPath = /bin/sh;
			shellScript = "diff \"${PODS_PODFILE_DIR_PATH}/Podfile.lock\" \"${PODS_ROOT}/Manifest.lock\" > /dev/null\nif [ $? != 0 ] ; then\n    # print error to STDERR\n    echo \"error: The sandbox is not in sync with the Podfile.lock. Run 'pod install' or update your CocoaPods installation.\" >&2\n    exit 1\nfi\n# This output is used by Xcode 'outputs' to avoid re-running this script phase.\necho \"SUCCESS\" > \"${SCRIPT_OUTPUT_FILE_0}\"\n";
			showEnvVarsInLog = 0;
		};
		CE87165F3FB50B4CFEF32AFC /* [CP] Embed Pods Frameworks */ = {
			isa = PBXShellScriptBuildPhase;
			buildActionMask = 2147483647;
			files = (
			);
			inputFileListPaths = (
				"${PODS_ROOT}/Target Support Files/Pods-HiFlight/Pods-HiFlight-frameworks-${CONFIGURATION}-input-files.xcfilelist",
			);
			name = "[CP] Embed Pods Frameworks";
			outputFileListPaths = (
				"${PODS_ROOT}/Target Support Files/Pods-HiFlight/Pods-HiFlight-frameworks-${CONFIGURATION}-output-files.xcfilelist",
			);
			runOnlyForDeploymentPostprocessing = 0;
			shellPath = /bin/sh;
			shellScript = "\"${PODS_ROOT}/Target Support Files/Pods-HiFlight/Pods-HiFlight-frameworks.sh\"\n";
			showEnvVarsInLog = 0;
		};
		DECE21641DB96CD444A8FFC8 /* [CP] Embed Pods Frameworks */ = {
			isa = PBXShellScriptBuildPhase;
			buildActionMask = 2147483647;
			files = (
			);
			inputFileListPaths = (
				"${PODS_ROOT}/Target Support Files/Pods-HiFlight-HiFlightUITests/Pods-HiFlight-HiFlightUITests-frameworks-${CONFIGURATION}-input-files.xcfilelist",
			);
			name = "[CP] Embed Pods Frameworks";
			outputFileListPaths = (
				"${PODS_ROOT}/Target Support Files/Pods-HiFlight-HiFlightUITests/Pods-HiFlight-HiFlightUITests-frameworks-${CONFIGURATION}-output-files.xcfilelist",
			);
			runOnlyForDeploymentPostprocessing = 0;
			shellPath = /bin/sh;
			shellScript = "\"${PODS_ROOT}/Target Support Files/Pods-HiFlight-HiFlightUITests/Pods-HiFlight-HiFlightUITests-frameworks.sh\"\n";
			showEnvVarsInLog = 0;
		};
		E77358C80D6901C2CA87434B /* [CP] Check Pods Manifest.lock */ = {
			isa = PBXShellScriptBuildPhase;
			buildActionMask = 2147483647;
			files = (
			);
			inputFileListPaths = (
			);
			inputPaths = (
				"${PODS_PODFILE_DIR_PATH}/Podfile.lock",
				"${PODS_ROOT}/Manifest.lock",
			);
			name = "[CP] Check Pods Manifest.lock";
			outputFileListPaths = (
			);
			outputPaths = (
				"$(DERIVED_FILE_DIR)/Pods-HiFlight-HiFlightUITests-checkManifestLockResult.txt",
			);
			runOnlyForDeploymentPostprocessing = 0;
			shellPath = /bin/sh;
			shellScript = "diff \"${PODS_PODFILE_DIR_PATH}/Podfile.lock\" \"${PODS_ROOT}/Manifest.lock\" > /dev/null\nif [ $? != 0 ] ; then\n    # print error to STDERR\n    echo \"error: The sandbox is not in sync with the Podfile.lock. Run 'pod install' or update your CocoaPods installation.\" >&2\n    exit 1\nfi\n# This output is used by Xcode 'outputs' to avoid re-running this script phase.\necho \"SUCCESS\" > \"${SCRIPT_OUTPUT_FILE_0}\"\n";
			showEnvVarsInLog = 0;
		};
/* End PBXShellScriptBuildPhase section */

/* Begin PBXSourcesBuildPhase section */
		54BD634B27DA7867007ED40C /* Sources */ = {
			isa = PBXSourcesBuildPhase;
			buildActionMask = 2147483647;
			files = (
				54BD635727DA7867007ED40C /* ViewController.swift in Sources */,
				54BD635327DA7867007ED40C /* AppDelegate.swift in Sources */,
				54BD635527DA7867007ED40C /* SceneDelegate.swift in Sources */,
			);
			runOnlyForDeploymentPostprocessing = 0;
		};
		54BD636127DA7869007ED40C /* Sources */ = {
			isa = PBXSourcesBuildPhase;
			buildActionMask = 2147483647;
			files = (
				54BD636A27DA7869007ED40C /* HiFlightTests.swift in Sources */,
			);
			runOnlyForDeploymentPostprocessing = 0;
		};
		54BD636B27DA7869007ED40C /* Sources */ = {
			isa = PBXSourcesBuildPhase;
			buildActionMask = 2147483647;
			files = (
				54BD637627DA7869007ED40C /* HiFlightUITestsLaunchTests.swift in Sources */,
				54BD637427DA7869007ED40C /* HiFlightUITests.swift in Sources */,
			);
			runOnlyForDeploymentPostprocessing = 0;
		};
/* End PBXSourcesBuildPhase section */

/* Begin PBXTargetDependency section */
		54BD636727DA7869007ED40C /* PBXTargetDependency */ = {
			isa = PBXTargetDependency;
			target = 54BD634E27DA7867007ED40C /* HiFlight */;
			targetProxy = 54BD636627DA7869007ED40C /* PBXContainerItemProxy */;
		};
		54BD637127DA7869007ED40C /* PBXTargetDependency */ = {
			isa = PBXTargetDependency;
			target = 54BD634E27DA7867007ED40C /* HiFlight */;
			targetProxy = 54BD637027DA7869007ED40C /* PBXContainerItemProxy */;
		};
/* End PBXTargetDependency section */

/* Begin PBXVariantGroup section */
		54BD635827DA7867007ED40C /* Main.storyboard */ = {
			isa = PBXVariantGroup;
			children = (
				54BD635927DA7867007ED40C /* Base */,
			);
			name = Main.storyboard;
			sourceTree = "<group>";
		};
		54BD635D27DA7869007ED40C /* LaunchScreen.storyboard */ = {
			isa = PBXVariantGroup;
			children = (
				54BD635E27DA7869007ED40C /* Base */,
			);
			name = LaunchScreen.storyboard;
			sourceTree = "<group>";
		};
/* End PBXVariantGroup section */

/* Begin XCBuildConfiguration section */
		54BD637727DA7869007ED40C /* Debug */ = {
			isa = XCBuildConfiguration;
			buildSettings = {
				ALWAYS_SEARCH_USER_PATHS = NO;
				CLANG_ANALYZER_NONNULL = YES;
				CLANG_ANALYZER_NUMBER_OBJECT_CONVERSION = YES_AGGRESSIVE;
				CLANG_CXX_LANGUAGE_STANDARD = "gnu++17";
				CLANG_CXX_LIBRARY = "libc++";
				CLANG_ENABLE_MODULES = YES;
				CLANG_ENABLE_OBJC_ARC = YES;
				CLANG_ENABLE_OBJC_WEAK = YES;
				CLANG_WARN_BLOCK_CAPTURE_AUTORELEASING = YES;
				CLANG_WARN_BOOL_CONVERSION = YES;
				CLANG_WARN_COMMA = YES;
				CLANG_WARN_CONSTANT_CONVERSION = YES;
				CLANG_WARN_DEPRECATED_OBJC_IMPLEMENTATIONS = YES;
				CLANG_WARN_DIRECT_OBJC_ISA_USAGE = YES_ERROR;
				CLANG_WARN_DOCUMENTATION_COMMENTS = YES;
				CLANG_WARN_EMPTY_BODY = YES;
				CLANG_WARN_ENUM_CONVERSION = YES;
				CLANG_WARN_INFINITE_RECURSION = YES;
				CLANG_WARN_INT_CONVERSION = YES;
				CLANG_WARN_NON_LITERAL_NULL_CONVERSION = YES;
				CLANG_WARN_OBJC_IMPLICIT_RETAIN_SELF = YES;
				CLANG_WARN_OBJC_LITERAL_CONVERSION = YES;
				CLANG_WARN_OBJC_ROOT_CLASS = YES_ERROR;
				CLANG_WARN_QUOTED_INCLUDE_IN_FRAMEWORK_HEADER = YES;
				CLANG_WARN_RANGE_LOOP_ANALYSIS = YES;
				CLANG_WARN_STRICT_PROTOTYPES = YES;
				CLANG_WARN_SUSPICIOUS_MOVE = YES;
				CLANG_WARN_UNGUARDED_AVAILABILITY = YES_AGGRESSIVE;
				CLANG_WARN_UNREACHABLE_CODE = YES;
				CLANG_WARN__DUPLICATE_METHOD_MATCH = YES;
				COPY_PHASE_STRIP = NO;
				DEBUG_INFORMATION_FORMAT = dwarf;
				ENABLE_STRICT_OBJC_MSGSEND = YES;
				ENABLE_TESTABILITY = YES;
				GCC_C_LANGUAGE_STANDARD = gnu11;
				GCC_DYNAMIC_NO_PIC = NO;
				GCC_NO_COMMON_BLOCKS = YES;
				GCC_OPTIMIZATION_LEVEL = 0;
				GCC_PREPROCESSOR_DEFINITIONS = (
					"DEBUG=1",
					"$(inherited)",
				);
				GCC_WARN_64_TO_32_BIT_CONVERSION = YES;
				GCC_WARN_ABOUT_RETURN_TYPE = YES_ERROR;
				GCC_WARN_UNDECLARED_SELECTOR = YES;
				GCC_WARN_UNINITIALIZED_AUTOS = YES_AGGRESSIVE;
				GCC_WARN_UNUSED_FUNCTION = YES;
				GCC_WARN_UNUSED_VARIABLE = YES;
				IPHONEOS_DEPLOYMENT_TARGET = 15.2;
				MTL_ENABLE_DEBUG_INFO = INCLUDE_SOURCE;
				MTL_FAST_MATH = YES;
				ONLY_ACTIVE_ARCH = YES;
				SDKROOT = iphoneos;
				SWIFT_ACTIVE_COMPILATION_CONDITIONS = DEBUG;
				SWIFT_OPTIMIZATION_LEVEL = "-Onone";
			};
			name = Debug;
		};
		54BD637827DA7869007ED40C /* Release */ = {
			isa = XCBuildConfiguration;
			buildSettings = {
				ALWAYS_SEARCH_USER_PATHS = NO;
				CLANG_ANALYZER_NONNULL = YES;
				CLANG_ANALYZER_NUMBER_OBJECT_CONVERSION = YES_AGGRESSIVE;
				CLANG_CXX_LANGUAGE_STANDARD = "gnu++17";
				CLANG_CXX_LIBRARY = "libc++";
				CLANG_ENABLE_MODULES = YES;
				CLANG_ENABLE_OBJC_ARC = YES;
				CLANG_ENABLE_OBJC_WEAK = YES;
				CLANG_WARN_BLOCK_CAPTURE_AUTORELEASING = YES;
				CLANG_WARN_BOOL_CONVERSION = YES;
				CLANG_WARN_COMMA = YES;
				CLANG_WARN_CONSTANT_CONVERSION = YES;
				CLANG_WARN_DEPRECATED_OBJC_IMPLEMENTATIONS = YES;
				CLANG_WARN_DIRECT_OBJC_ISA_USAGE = YES_ERROR;
				CLANG_WARN_DOCUMENTATION_COMMENTS = YES;
				CLANG_WARN_EMPTY_BODY = YES;
				CLANG_WARN_ENUM_CONVERSION = YES;
				CLANG_WARN_INFINITE_RECURSION = YES;
				CLANG_WARN_INT_CONVERSION = YES;
				CLANG_WARN_NON_LITERAL_NULL_CONVERSION = YES;
				CLANG_WARN_OBJC_IMPLICIT_RETAIN_SELF = YES;
				CLANG_WARN_OBJC_LITERAL_CONVERSION = YES;
				CLANG_WARN_OBJC_ROOT_CLASS = YES_ERROR;
				CLANG_WARN_QUOTED_INCLUDE_IN_FRAMEWORK_HEADER = YES;
				CLANG_WARN_RANGE_LOOP_ANALYSIS = YES;
				CLANG_WARN_STRICT_PROTOTYPES = YES;
				CLANG_WARN_SUSPICIOUS_MOVE = YES;
				CLANG_WARN_UNGUARDED_AVAILABILITY = YES_AGGRESSIVE;
				CLANG_WARN_UNREACHABLE_CODE = YES;
				CLANG_WARN__DUPLICATE_METHOD_MATCH = YES;
				COPY_PHASE_STRIP = NO;
				DEBUG_INFORMATION_FORMAT = "dwarf-with-dsym";
				ENABLE_NS_ASSERTIONS = NO;
				ENABLE_STRICT_OBJC_MSGSEND = YES;
				GCC_C_LANGUAGE_STANDARD = gnu11;
				GCC_NO_COMMON_BLOCKS = YES;
				GCC_WARN_64_TO_32_BIT_CONVERSION = YES;
				GCC_WARN_ABOUT_RETURN_TYPE = YES_ERROR;
				GCC_WARN_UNDECLARED_SELECTOR = YES;
				GCC_WARN_UNINITIALIZED_AUTOS = YES_AGGRESSIVE;
				GCC_WARN_UNUSED_FUNCTION = YES;
				GCC_WARN_UNUSED_VARIABLE = YES;
				IPHONEOS_DEPLOYMENT_TARGET = 15.2;
				MTL_ENABLE_DEBUG_INFO = NO;
				MTL_FAST_MATH = YES;
				SDKROOT = iphoneos;
				SWIFT_COMPILATION_MODE = wholemodule;
				SWIFT_OPTIMIZATION_LEVEL = "-O";
				VALIDATE_PRODUCT = YES;
			};
			name = Release;
		};
		54BD637A27DA7869007ED40C /* Debug */ = {
			isa = XCBuildConfiguration;
			baseConfigurationReference = 41C85712945AC571A3116C01 /* Pods-HiFlight.debug.xcconfig */;
			buildSettings = {
				ASSETCATALOG_COMPILER_APPICON_NAME = AppIcon;
				ASSETCATALOG_COMPILER_GLOBAL_ACCENT_COLOR_NAME = AccentColor;
				CODE_SIGN_STYLE = Automatic;
				CURRENT_PROJECT_VERSION = 1;
				DEVELOPMENT_TEAM = JWNGZ2Y3DW;
				GENERATE_INFOPLIST_FILE = YES;
				INFOPLIST_FILE = HiFlight/Info.plist;
				INFOPLIST_KEY_UIApplicationSupportsIndirectInputEvents = YES;
				INFOPLIST_KEY_UILaunchStoryboardName = LaunchScreen;
				INFOPLIST_KEY_UIMainStoryboardFile = Main;
				INFOPLIST_KEY_UISupportedInterfaceOrientations_iPad = "UIInterfaceOrientationPortrait UIInterfaceOrientationPortraitUpsideDown UIInterfaceOrientationLandscapeLeft UIInterfaceOrientationLandscapeRight";
				INFOPLIST_KEY_UISupportedInterfaceOrientations_iPhone = "UIInterfaceOrientationPortrait UIInterfaceOrientationLandscapeLeft UIInterfaceOrientationLandscapeRight";
				LD_RUNPATH_SEARCH_PATHS = (
					"$(inherited)",
					"@executable_path/Frameworks",
				);
				MARKETING_VERSION = 1.0;
				PRODUCT_BUNDLE_IDENTIFIER = com.thoughtworks.HiFlight;
				PRODUCT_NAME = "$(TARGET_NAME)";
				SWIFT_EMIT_LOC_STRINGS = YES;
				SWIFT_VERSION = 5.0;
				TARGETED_DEVICE_FAMILY = "1,2";
			};
			name = Debug;
		};
		54BD637B27DA7869007ED40C /* Release */ = {
			isa = XCBuildConfiguration;
			baseConfigurationReference = BBC01BBD267C6B495F6A922E /* Pods-HiFlight.release.xcconfig */;
			buildSettings = {
				ASSETCATALOG_COMPILER_APPICON_NAME = AppIcon;
				ASSETCATALOG_COMPILER_GLOBAL_ACCENT_COLOR_NAME = AccentColor;
				CODE_SIGN_STYLE = Automatic;
				CURRENT_PROJECT_VERSION = 1;
				DEVELOPMENT_TEAM = JWNGZ2Y3DW;
				GENERATE_INFOPLIST_FILE = YES;
				INFOPLIST_FILE = HiFlight/Info.plist;
				INFOPLIST_KEY_UIApplicationSupportsIndirectInputEvents = YES;
				INFOPLIST_KEY_UILaunchStoryboardName = LaunchScreen;
				INFOPLIST_KEY_UIMainStoryboardFile = Main;
				INFOPLIST_KEY_UISupportedInterfaceOrientations_iPad = "UIInterfaceOrientationPortrait UIInterfaceOrientationPortraitUpsideDown UIInterfaceOrientationLandscapeLeft UIInterfaceOrientationLandscapeRight";
				INFOPLIST_KEY_UISupportedInterfaceOrientations_iPhone = "UIInterfaceOrientationPortrait UIInterfaceOrientationLandscapeLeft UIInterfaceOrientationLandscapeRight";
				LD_RUNPATH_SEARCH_PATHS = (
					"$(inherited)",
					"@executable_path/Frameworks",
				);
				MARKETING_VERSION = 1.0;
				PRODUCT_BUNDLE_IDENTIFIER = com.thoughtworks.HiFlight;
				PRODUCT_NAME = "$(TARGET_NAME)";
				SWIFT_EMIT_LOC_STRINGS = YES;
				SWIFT_VERSION = 5.0;
				TARGETED_DEVICE_FAMILY = "1,2";
			};
			name = Release;
		};
		54BD637D27DA7869007ED40C /* Debug */ = {
			isa = XCBuildConfiguration;
			baseConfigurationReference = 1CEBB88FDA7A2F83EB24E3A1 /* Pods-HiFlightTests.debug.xcconfig */;
			buildSettings = {
				ALWAYS_EMBED_SWIFT_STANDARD_LIBRARIES = YES;
				BUNDLE_LOADER = "$(TEST_HOST)";
				CODE_SIGN_STYLE = Automatic;
				CURRENT_PROJECT_VERSION = 1;
				DEVELOPMENT_TEAM = JWNGZ2Y3DW;
				GENERATE_INFOPLIST_FILE = YES;
				IPHONEOS_DEPLOYMENT_TARGET = 15.2;
				MARKETING_VERSION = 1.0;
				PRODUCT_BUNDLE_IDENTIFIER = com.thoughtworks.HiFlightTests;
				PRODUCT_NAME = "$(TARGET_NAME)";
				SWIFT_EMIT_LOC_STRINGS = NO;
				SWIFT_VERSION = 5.0;
				TARGETED_DEVICE_FAMILY = "1,2";
				TEST_HOST = "$(BUILT_PRODUCTS_DIR)/HiFlight.app/HiFlight";
			};
			name = Debug;
		};
		54BD637E27DA7869007ED40C /* Release */ = {
			isa = XCBuildConfiguration;
			baseConfigurationReference = 81BF9AA4C4A52C3174742933 /* Pods-HiFlightTests.release.xcconfig */;
			buildSettings = {
				ALWAYS_EMBED_SWIFT_STANDARD_LIBRARIES = YES;
				BUNDLE_LOADER = "$(TEST_HOST)";
				CODE_SIGN_STYLE = Automatic;
				CURRENT_PROJECT_VERSION = 1;
				DEVELOPMENT_TEAM = JWNGZ2Y3DW;
				GENERATE_INFOPLIST_FILE = YES;
				IPHONEOS_DEPLOYMENT_TARGET = 15.2;
				MARKETING_VERSION = 1.0;
				PRODUCT_BUNDLE_IDENTIFIER = com.thoughtworks.HiFlightTests;
				PRODUCT_NAME = "$(TARGET_NAME)";
				SWIFT_EMIT_LOC_STRINGS = NO;
				SWIFT_VERSION = 5.0;
				TARGETED_DEVICE_FAMILY = "1,2";
				TEST_HOST = "$(BUILT_PRODUCTS_DIR)/HiFlight.app/HiFlight";
			};
			name = Release;
		};
		54BD638027DA7869007ED40C /* Debug */ = {
			isa = XCBuildConfiguration;
			baseConfigurationReference = E25A14349B6B6D591028BC40 /* Pods-HiFlight-HiFlightUITests.debug.xcconfig */;
			buildSettings = {
				ALWAYS_EMBED_SWIFT_STANDARD_LIBRARIES = YES;
				CODE_SIGN_STYLE = Automatic;
				CURRENT_PROJECT_VERSION = 1;
				DEVELOPMENT_TEAM = JWNGZ2Y3DW;
				GENERATE_INFOPLIST_FILE = YES;
				MARKETING_VERSION = 1.0;
				PRODUCT_BUNDLE_IDENTIFIER = com.thoughtworks.HiFlightUITests;
				PRODUCT_NAME = "$(TARGET_NAME)";
				SWIFT_EMIT_LOC_STRINGS = NO;
				SWIFT_VERSION = 5.0;
				TARGETED_DEVICE_FAMILY = "1,2";
				TEST_TARGET_NAME = HiFlight;
			};
			name = Debug;
		};
		54BD638127DA7869007ED40C /* Release */ = {
			isa = XCBuildConfiguration;
			baseConfigurationReference = 99771D271FD57FB87591D633 /* Pods-HiFlight-HiFlightUITests.release.xcconfig */;
			buildSettings = {
				ALWAYS_EMBED_SWIFT_STANDARD_LIBRARIES = YES;
				CODE_SIGN_STYLE = Automatic;
				CURRENT_PROJECT_VERSION = 1;
				DEVELOPMENT_TEAM = JWNGZ2Y3DW;
				GENERATE_INFOPLIST_FILE = YES;
				MARKETING_VERSION = 1.0;
				PRODUCT_BUNDLE_IDENTIFIER = com.thoughtworks.HiFlightUITests;
				PRODUCT_NAME = "$(TARGET_NAME)";
				SWIFT_EMIT_LOC_STRINGS = NO;
				SWIFT_VERSION = 5.0;
				TARGETED_DEVICE_FAMILY = "1,2";
				TEST_TARGET_NAME = HiFlight;
			};
			name = Release;
		};
/* End XCBuildConfiguration section */

/* Begin XCConfigurationList section */
		54BD634A27DA7866007ED40C /* Build configuration list for PBXProject "HiFlight" */ = {
			isa = XCConfigurationList;
			buildConfigurations = (
				54BD637727DA7869007ED40C /* Debug */,
				54BD637827DA7869007ED40C /* Release */,
			);
			defaultConfigurationIsVisible = 0;
			defaultConfigurationName = Release;
		};
		54BD637927DA7869007ED40C /* Build configuration list for PBXNativeTarget "HiFlight" */ = {
			isa = XCConfigurationList;
			buildConfigurations = (
				54BD637A27DA7869007ED40C /* Debug */,
				54BD637B27DA7869007ED40C /* Release */,
			);
			defaultConfigurationIsVisible = 0;
			defaultConfigurationName = Release;
		};
		54BD637C27DA7869007ED40C /* Build configuration list for PBXNativeTarget "HiFlightTests" */ = {
			isa = XCConfigurationList;
			buildConfigurations = (
				54BD637D27DA7869007ED40C /* Debug */,
				54BD637E27DA7869007ED40C /* Release */,
			);
			defaultConfigurationIsVisible = 0;
			defaultConfigurationName = Release;
		};
		54BD637F27DA7869007ED40C /* Build configuration list for PBXNativeTarget "HiFlightUITests" */ = {
			isa = XCConfigurationList;
			buildConfigurations = (
				54BD638027DA7869007ED40C /* Debug */,
				54BD638127DA7869007ED40C /* Release */,
			);
			defaultConfigurationIsVisible = 0;
			defaultConfigurationName = Release;
		};
/* End XCConfigurationList section */
	};
	rootObject = 54BD634727DA7866007ED40C /* Project object */;
}
